
Microsoft Visual Studio Solution File, Format Version 12.00
# Visual Studio Version 17
VisualStudioVersion = 17.4.33213.308
MinimumVisualStudioVersion = 10.0.40219.1
Project("{9A19103F-16F7-4668-BE54-9A1E7A4F7556}") = "NuGetDownloader", "NuGetDownloader\NuGetDownloader.csproj", "{E74ADE7F-F06E-4318-B98E-BD8F49460317}"
EndProject
Project("{9A19103F-16F7-4668-BE54-9A1E7A4F7556}") = "Serialization", "Serialization\Serialization.csproj", "{7033E5BD-890A-48C1-B2F1-CB9198D0F383}"
EndProject
Project("{9A19103F-16F7-4668-BE54-9A1E7A4F7556}") = "NuGetDTOs", "NuGetDTOs\NuGetDTOs.csproj", "{F488DD98-E7B8-4B9D-BD77-99B9A5242733}"
EndProject
Project("{FAE04EC0-301F-11D3-BF4B-00C04F79EFBC}") = "Utils", "Utils\Utils.csproj", "{4DB9C6A2-E512-4BEB-847A-03CEED39367F}"
EndProject
Project("{2150E333-8FDC-42A3-9474-1A3956D46DE8}") = "Services", "Services", "{C8ABCB10-9FB2-49E3-9BFF-7F2CC7257A29}"
EndProject
Global
	GlobalSection(SolutionConfigurationPlatforms) = preSolution
		Debug|Any CPU = Debug|Any CPU
		Release|Any CPU = Release|Any CPU
	EndGlobalSection
	GlobalSection(ProjectConfigurationPlatforms) = postSolution
		{E74ADE7F-F06E-4318-B98E-BD8F49460317}.Debug|Any CPU.ActiveCfg = Debug|Any CPU
		{E74ADE7F-F06E-4318-B98E-BD8F49460317}.Debug|Any CPU.Build.0 = Debug|Any CPU
		{E74ADE7F-F06E-4318-B98E-BD8F49460317}.Release|Any CPU.ActiveCfg = Release|Any CPU
		{E74ADE7F-F06E-4318-B98E-BD8F49460317}.Release|Any CPU.Build.0 = Release|Any CPU
		{7033E5BD-890A-48C1-B2F1-CB9198D0F383}.Debug|Any CPU.ActiveCfg = Debug|Any CPU
		{7033E5BD-890A-48C1-B2F1-CB9198D0F383}.Debug|Any CPU.Build.0 = Debug|Any CPU
		{7033E5BD-890A-48C1-B2F1-CB9198D0F383}.Release|Any CPU.ActiveCfg = Release|Any CPU
		{7033E5BD-890A-48C1-B2F1-CB9198D0F383}.Release|Any CPU.Build.0 = Release|Any CPU
		{F488DD98-E7B8-4B9D-BD77-99B9A5242733}.Debug|Any CPU.ActiveCfg = Debug|Any CPU
		{F488DD98-E7B8-4B9D-BD77-99B9A5242733}.Debug|Any CPU.Build.0 = Debug|Any CPU
		{F488DD98-E7B8-4B9D-BD77-99B9A5242733}.Release|Any CPU.ActiveCfg = Release|Any CPU
		{F488DD98-E7B8-4B9D-BD77-99B9A5242733}.Release|Any CPU.Build.0 = Release|Any CPU
		{4DB9C6A2-E512-4BEB-847A-03CEED39367F}.Debug|Any CPU.ActiveCfg = Debug|Any CPU
		{4DB9C6A2-E512-4BEB-847A-03CEED39367F}.Debug|Any CPU.Build.0 = Debug|Any CPU
		{4DB9C6A2-E512-4BEB-847A-03CEED39367F}.Release|Any CPU.ActiveCfg = Release|Any CPU
		{4DB9C6A2-E512-4BEB-847A-03CEED39367F}.Release|Any CPU.Build.0 = Release|Any CPU
	EndGlobalSection
	GlobalSection(SolutionProperties) = preSolution
		HideSolutionNode = FALSE
	EndGlobalSection
	GlobalSection(ExtensibilityGlobals) = postSolution
		SolutionGuid = {01E83EE6-333F-464D-BA43-6A603EAF6104}
	EndGlobalSection
EndGlobal
